
Microsoft Visual Studio Solution File, Format Version 12.00
# Visual Studio Version 17
VisualStudioVersion = 17.10.35013.160
MinimumVisualStudioVersion = 10.0.40219.1
Project("{FAE04EC0-301F-11D3-BF4B-00C04F79EFBC}") = "LibraryManagementApplication", "LibraryManagementApplication\LibraryManagementApplication.csproj", "{CA93A3E9-5EFA-4BD4-894B-0FD4A5CA3F9B}"
EndProject
Project("{2150E333-8FDC-42A3-9474-1A3956D46DE8}") = "Data", "Data", "{992A8383-2FD4-4ADB-9255-A3D912E7062C}"
EndProject
Project("{2150E333-8FDC-42A3-9474-1A3956D46DE8}") = "Web", "Web", "{4F129045-A106-4FB5-BE69-05F77FF09F44}"
EndProject
Project("{FAE04EC0-301F-11D3-BF4B-00C04F79EFBC}") = "LibraryManagementApplication.Data", "LibraryManagementApplication.Data\LibraryManagementApplication.Data.csproj", "{19E5A6BD-4B47-426A-8C6E-5D5452CEA71F}"
EndProject
Project("{FAE04EC0-301F-11D3-BF4B-00C04F79EFBC}") = "LibraryManagementApplication.Data.Models", "LibraryManagementApplication.Data.Models\LibraryManagementApplication.Data.Models.csproj", "{934D870F-D232-4D13-99EB-08FD3C2758E8}"
EndProject
Project("{FAE04EC0-301F-11D3-BF4B-00C04F79EFBC}") = "LibraryManagementApplication.ViewModels", "LibraryManagementApplication.ViewModels\LibraryManagementApplication.ViewModels.csproj", "{D44AAB72-C3D2-476C-A825-2DCB57704E90}"
EndProject
Project("{2150E333-8FDC-42A3-9474-1A3956D46DE8}") = "Services", "Services", "{A3BA0CED-D3ED-4034-93BE-2450376EF3B6}"
EndProject
Project("{FAE04EC0-301F-11D3-BF4B-00C04F79EFBC}") = "LibraryManagementApplication.Common", "LibraryManagementApplication.Common\LibraryManagementApplication.Common.csproj", "{B3B4A26E-DCC3-486D-9F74-62AAD6610B26}"
EndProject
Project("{FAE04EC0-301F-11D3-BF4B-00C04F79EFBC}") = "LibraryManagementApplication.Services.Data", "LibraryManagementApplication.Services.Data\LibraryManagementApplication.Services.Data.csproj", "{F4D3C04F-BD41-4B15-A895-D4127E8B6DDA}"
EndProject
Project("{FAE04EC0-301F-11D3-BF4B-00C04F79EFBC}") = "LibraryManagementApplication.Services.Mapping", "LibraryManagementApplication.Services.Mapping\LibraryManagementApplication.Services.Mapping.csproj", "{B4A41F59-3258-4345-8D88-20DCFB30A1F8}"
EndProject
Project("{FAE04EC0-301F-11D3-BF4B-00C04F79EFBC}") = "LibraryManagementApplication.Infrastructure", "LibraryManagementApplication.Infrastructure\LibraryManagementApplication.Infrastructure.csproj", "{EA54306E-2E22-44D7-95AB-1CC1209F98E3}"
EndProject
Global
	GlobalSection(SolutionConfigurationPlatforms) = preSolution
		Debug|Any CPU = Debug|Any CPU
		Release|Any CPU = Release|Any CPU
	EndGlobalSection
	GlobalSection(ProjectConfigurationPlatforms) = postSolution
		{CA93A3E9-5EFA-4BD4-894B-0FD4A5CA3F9B}.Debug|Any CPU.ActiveCfg = Debug|Any CPU
		{CA93A3E9-5EFA-4BD4-894B-0FD4A5CA3F9B}.Debug|Any CPU.Build.0 = Debug|Any CPU
		{CA93A3E9-5EFA-4BD4-894B-0FD4A5CA3F9B}.Release|Any CPU.ActiveCfg = Release|Any CPU
		{CA93A3E9-5EFA-4BD4-894B-0FD4A5CA3F9B}.Release|Any CPU.Build.0 = Release|Any CPU
		{19E5A6BD-4B47-426A-8C6E-5D5452CEA71F}.Debug|Any CPU.ActiveCfg = Debug|Any CPU
		{19E5A6BD-4B47-426A-8C6E-5D5452CEA71F}.Debug|Any CPU.Build.0 = Debug|Any CPU
		{19E5A6BD-4B47-426A-8C6E-5D5452CEA71F}.Release|Any CPU.ActiveCfg = Release|Any CPU
		{19E5A6BD-4B47-426A-8C6E-5D5452CEA71F}.Release|Any CPU.Build.0 = Release|Any CPU
		{934D870F-D232-4D13-99EB-08FD3C2758E8}.Debug|Any CPU.ActiveCfg = Debug|Any CPU
		{934D870F-D232-4D13-99EB-08FD3C2758E8}.Debug|Any CPU.Build.0 = Debug|Any CPU
		{934D870F-D232-4D13-99EB-08FD3C2758E8}.Release|Any CPU.ActiveCfg = Release|Any CPU
		{934D870F-D232-4D13-99EB-08FD3C2758E8}.Release|Any CPU.Build.0 = Release|Any CPU
		{D44AAB72-C3D2-476C-A825-2DCB57704E90}.Debug|Any CPU.ActiveCfg = Debug|Any CPU
		{D44AAB72-C3D2-476C-A825-2DCB57704E90}.Debug|Any CPU.Build.0 = Debug|Any CPU
		{D44AAB72-C3D2-476C-A825-2DCB57704E90}.Release|Any CPU.ActiveCfg = Release|Any CPU
		{D44AAB72-C3D2-476C-A825-2DCB57704E90}.Release|Any CPU.Build.0 = Release|Any CPU
		{B3B4A26E-DCC3-486D-9F74-62AAD6610B26}.Debug|Any CPU.ActiveCfg = Debug|Any CPU
		{B3B4A26E-DCC3-486D-9F74-62AAD6610B26}.Debug|Any CPU.Build.0 = Debug|Any CPU
		{B3B4A26E-DCC3-486D-9F74-62AAD6610B26}.Release|Any CPU.ActiveCfg = Release|Any CPU
		{B3B4A26E-DCC3-486D-9F74-62AAD6610B26}.Release|Any CPU.Build.0 = Release|Any CPU
		{F4D3C04F-BD41-4B15-A895-D4127E8B6DDA}.Debug|Any CPU.ActiveCfg = Debug|Any CPU
		{F4D3C04F-BD41-4B15-A895-D4127E8B6DDA}.Debug|Any CPU.Build.0 = Debug|Any CPU
		{F4D3C04F-BD41-4B15-A895-D4127E8B6DDA}.Release|Any CPU.ActiveCfg = Release|Any CPU
		{F4D3C04F-BD41-4B15-A895-D4127E8B6DDA}.Release|Any CPU.Build.0 = Release|Any CPU
		{B4A41F59-3258-4345-8D88-20DCFB30A1F8}.Debug|Any CPU.ActiveCfg = Debug|Any CPU
		{B4A41F59-3258-4345-8D88-20DCFB30A1F8}.Debug|Any CPU.Build.0 = Debug|Any CPU
		{B4A41F59-3258-4345-8D88-20DCFB30A1F8}.Release|Any CPU.ActiveCfg = Release|Any CPU
		{B4A41F59-3258-4345-8D88-20DCFB30A1F8}.Release|Any CPU.Build.0 = Release|Any CPU
		{EA54306E-2E22-44D7-95AB-1CC1209F98E3}.Debug|Any CPU.ActiveCfg = Debug|Any CPU
		{EA54306E-2E22-44D7-95AB-1CC1209F98E3}.Debug|Any CPU.Build.0 = Debug|Any CPU
		{EA54306E-2E22-44D7-95AB-1CC1209F98E3}.Release|Any CPU.ActiveCfg = Release|Any CPU
		{EA54306E-2E22-44D7-95AB-1CC1209F98E3}.Release|Any CPU.Build.0 = Release|Any CPU
	EndGlobalSection
	GlobalSection(SolutionProperties) = preSolution
		HideSolutionNode = FALSE
	EndGlobalSection
	GlobalSection(NestedProjects) = preSolution
		{CA93A3E9-5EFA-4BD4-894B-0FD4A5CA3F9B} = {4F129045-A106-4FB5-BE69-05F77FF09F44}
		{19E5A6BD-4B47-426A-8C6E-5D5452CEA71F} = {992A8383-2FD4-4ADB-9255-A3D912E7062C}
		{934D870F-D232-4D13-99EB-08FD3C2758E8} = {992A8383-2FD4-4ADB-9255-A3D912E7062C}
		{D44AAB72-C3D2-476C-A825-2DCB57704E90} = {4F129045-A106-4FB5-BE69-05F77FF09F44}
		{F4D3C04F-BD41-4B15-A895-D4127E8B6DDA} = {A3BA0CED-D3ED-4034-93BE-2450376EF3B6}
		{B4A41F59-3258-4345-8D88-20DCFB30A1F8} = {A3BA0CED-D3ED-4034-93BE-2450376EF3B6}
		{EA54306E-2E22-44D7-95AB-1CC1209F98E3} = {4F129045-A106-4FB5-BE69-05F77FF09F44}
	EndGlobalSection
	GlobalSection(ExtensibilityGlobals) = postSolution
		SolutionGuid = {7FB7700C-6353-463D-947F-0369FC1C1B19}
	EndGlobalSection
EndGlobal
